// !$*UTF8*$!
{
	archiveVersion = 1;
	classes = {
	};
	objectVersion = 51;
	objects = {

/* Begin PBXBuildFile section */
		2023624226841EA6007BEE71 /* Order.swift in Sources */ = {isa = PBXBuildFile; fileRef = 2023624126841EA6007BEE71 /* Order.swift */; };
		202362442684235B007BEE71 /* OrderUIView.swift in Sources */ = {isa = PBXBuildFile; fileRef = 202362432684235B007BEE71 /* OrderUIView.swift */; };
		2052A14F267F1BD4009A8288 /* NetworkingClient.swift in Sources */ = {isa = PBXBuildFile; fileRef = 2052A14E267F1BD4009A8288 /* NetworkingClient.swift */; };
		205C169E2678FFA800ED2458 /* HomeViewController1.swift in Sources */ = {isa = PBXBuildFile; fileRef = 205C169D2678FFA800ED2458 /* HomeViewController1.swift */; };
		205C16A0267905FA00ED2458 /* MapViewController.swift in Sources */ = {isa = PBXBuildFile; fileRef = 205C169F267905FA00ED2458 /* MapViewController.swift */; };
		2061EDFC26883913003F3220 /* DriverLoginViewController.swift in Sources */ = {isa = PBXBuildFile; fileRef = 2061EDFB26883913003F3220 /* DriverLoginViewController.swift */; };
		2061EDFE26883932003F3220 /* ClientRegisterViewController.swift in Sources */ = {isa = PBXBuildFile; fileRef = 2061EDFD26883932003F3220 /* ClientRegisterViewController.swift */; };
		2061EE0026883946003F3220 /* ClientLoginViewController.swift in Sources */ = {isa = PBXBuildFile; fileRef = 2061EDFF26883946003F3220 /* ClientLoginViewController.swift */; };
		2061EE0226883956003F3220 /* DriverRegisterViewController.swift in Sources */ = {isa = PBXBuildFile; fileRef = 2061EE0126883956003F3220 /* DriverRegisterViewController.swift */; };
		2061EE0826883AD1003F3220 /* StateManager.swift in Sources */ = {isa = PBXBuildFile; fileRef = 2061EE0726883AD1003F3220 /* StateManager.swift */; };
		2061EE0A26883BA0003F3220 /* OnboardingViewController.swift in Sources */ = {isa = PBXBuildFile; fileRef = 2061EE0926883BA0003F3220 /* OnboardingViewController.swift */; };
		2061EE0C26885C9D003F3220 /* Auth.swift in Sources */ = {isa = PBXBuildFile; fileRef = 2061EE0B26885C9D003F3220 /* Auth.swift */; };
		2061EE0E26885E02003F3220 /* ClientViewModel.swift in Sources */ = {isa = PBXBuildFile; fileRef = 2061EE0D26885E02003F3220 /* ClientViewModel.swift */; };
		207406192679F4CF001BDDEE /* DriverHomeViewController.swift in Sources */ = {isa = PBXBuildFile; fileRef = 207406182679F4CF001BDDEE /* DriverHomeViewController.swift */; };
		208F80F12688BD0D00D6D069 /* DriverViewModel.swift in Sources */ = {isa = PBXBuildFile; fileRef = 208F80F02688BD0C00D6D069 /* DriverViewModel.swift */; };
		20ACD717267C867900452808 /* ClientHomeViewController.swift in Sources */ = {isa = PBXBuildFile; fileRef = 20ACD716267C867800452808 /* ClientHomeViewController.swift */; };
		20ACD719267C915A00452808 /* EntryViewController.swift in Sources */ = {isa = PBXBuildFile; fileRef = 20ACD718267C915A00452808 /* EntryViewController.swift */; };
		20C7F03B26897AC60044D621 /* OrderViewModel.swift in Sources */ = {isa = PBXBuildFile; fileRef = 20C7F03A26897AC60044D621 /* OrderViewModel.swift */; };
		20E3C97A2677328C005AF66A /* AppDelegate.swift in Sources */ = {isa = PBXBuildFile; fileRef = 20E3C9792677328C005AF66A /* AppDelegate.swift */; };
		20E3C97C2677328C005AF66A /* SceneDelegate.swift in Sources */ = {isa = PBXBuildFile; fileRef = 20E3C97B2677328C005AF66A /* SceneDelegate.swift */; };
		20E3C9842677328C005AF66A /* UberAPP.xcdatamodeld in Sources */ = {isa = PBXBuildFile; fileRef = 20E3C9822677328C005AF66A /* UberAPP.xcdatamodeld */; };
		20E3C9862677328E005AF66A /* Assets.xcassets in Resources */ = {isa = PBXBuildFile; fileRef = 20E3C9852677328E005AF66A /* Assets.xcassets */; };
		20E3C9892677328E005AF66A /* LaunchScreen.storyboard in Resources */ = {isa = PBXBuildFile; fileRef = 20E3C9872677328E005AF66A /* LaunchScreen.storyboard */; };
		DFC4A594FD510AF8557CBCE8 /* Pods_UberAPP.framework in Frameworks */ = {isa = PBXBuildFile; fileRef = EA97F81E516335D5A19167EB /* Pods_UberAPP.framework */; };
/* End PBXBuildFile section */

/* Begin PBXFileReference section */
		1F0F603ACBFCA63D0A01390B /* Pods-UberAPP.release.xcconfig */ = {isa = PBXFileReference; includeInIndex = 1; lastKnownFileType = text.xcconfig; name = "Pods-UberAPP.release.xcconfig"; path = "Target Support Files/Pods-UberAPP/Pods-UberAPP.release.xcconfig"; sourceTree = "<group>"; };
		2023624126841EA6007BEE71 /* Order.swift */ = {isa = PBXFileReference; lastKnownFileType = sourcecode.swift; path = Order.swift; sourceTree = "<group>"; };
		202362432684235B007BEE71 /* OrderUIView.swift */ = {isa = PBXFileReference; lastKnownFileType = sourcecode.swift; path = OrderUIView.swift; sourceTree = "<group>"; };
		2052A14E267F1BD4009A8288 /* NetworkingClient.swift */ = {isa = PBXFileReference; lastKnownFileType = sourcecode.swift; path = NetworkingClient.swift; sourceTree = "<group>"; };
		205C169D2678FFA800ED2458 /* HomeViewController1.swift */ = {isa = PBXFileReference; lastKnownFileType = sourcecode.swift; path = HomeViewController1.swift; sourceTree = "<group>"; };
		205C169F267905FA00ED2458 /* MapViewController.swift */ = {isa = PBXFileReference; lastKnownFileType = sourcecode.swift; path = MapViewController.swift; sourceTree = "<group>"; };
		2061EDFB26883913003F3220 /* DriverLoginViewController.swift */ = {isa = PBXFileReference; lastKnownFileType = sourcecode.swift; path = DriverLoginViewController.swift; sourceTree = "<group>"; };
		2061EDFD26883932003F3220 /* ClientRegisterViewController.swift */ = {isa = PBXFileReference; lastKnownFileType = sourcecode.swift; path = ClientRegisterViewController.swift; sourceTree = "<group>"; };
		2061EDFF26883946003F3220 /* ClientLoginViewController.swift */ = {isa = PBXFileReference; lastKnownFileType = sourcecode.swift; path = ClientLoginViewController.swift; sourceTree = "<group>"; };
		2061EE0126883956003F3220 /* DriverRegisterViewController.swift */ = {isa = PBXFileReference; lastKnownFileType = sourcecode.swift; path = DriverRegisterViewController.swift; sourceTree = "<group>"; };
		2061EE0726883AD1003F3220 /* StateManager.swift */ = {isa = PBXFileReference; lastKnownFileType = sourcecode.swift; path = StateManager.swift; sourceTree = "<group>"; };
		2061EE0926883BA0003F3220 /* OnboardingViewController.swift */ = {isa = PBXFileReference; lastKnownFileType = sourcecode.swift; path = OnboardingViewController.swift; sourceTree = "<group>"; };
		2061EE0B26885C9D003F3220 /* Auth.swift */ = {isa = PBXFileReference; lastKnownFileType = sourcecode.swift; path = Auth.swift; sourceTree = "<group>"; };
		2061EE0D26885E02003F3220 /* ClientViewModel.swift */ = {isa = PBXFileReference; lastKnownFileType = sourcecode.swift; path = ClientViewModel.swift; sourceTree = "<group>"; };
		207406182679F4CF001BDDEE /* DriverHomeViewController.swift */ = {isa = PBXFileReference; lastKnownFileType = sourcecode.swift; path = DriverHomeViewController.swift; sourceTree = "<group>"; };
		208F80F02688BD0C00D6D069 /* DriverViewModel.swift */ = {isa = PBXFileReference; lastKnownFileType = sourcecode.swift; path = DriverViewModel.swift; sourceTree = "<group>"; };
		20ACD716267C867800452808 /* ClientHomeViewController.swift */ = {isa = PBXFileReference; lastKnownFileType = sourcecode.swift; path = ClientHomeViewController.swift; sourceTree = "<group>"; };
		20ACD718267C915A00452808 /* EntryViewController.swift */ = {isa = PBXFileReference; lastKnownFileType = sourcecode.swift; path = EntryViewController.swift; sourceTree = "<group>"; };
		20C7F03A26897AC60044D621 /* OrderViewModel.swift */ = {isa = PBXFileReference; lastKnownFileType = sourcecode.swift; path = OrderViewModel.swift; sourceTree = "<group>"; };
		20E3C9762677328C005AF66A /* UberAPP.app */ = {isa = PBXFileReference; explicitFileType = wrapper.application; includeInIndex = 0; path = UberAPP.app; sourceTree = BUILT_PRODUCTS_DIR; };
		20E3C9792677328C005AF66A /* AppDelegate.swift */ = {isa = PBXFileReference; lastKnownFileType = sourcecode.swift; path = AppDelegate.swift; sourceTree = "<group>"; };
		20E3C97B2677328C005AF66A /* SceneDelegate.swift */ = {isa = PBXFileReference; lastKnownFileType = sourcecode.swift; path = SceneDelegate.swift; sourceTree = "<group>"; };
		20E3C9832677328C005AF66A /* UberAPP.xcdatamodel */ = {isa = PBXFileReference; lastKnownFileType = wrapper.xcdatamodel; path = UberAPP.xcdatamodel; sourceTree = "<group>"; };
		20E3C9852677328E005AF66A /* Assets.xcassets */ = {isa = PBXFileReference; lastKnownFileType = folder.assetcatalog; path = Assets.xcassets; sourceTree = "<group>"; };
		20E3C9882677328E005AF66A /* Base */ = {isa = PBXFileReference; lastKnownFileType = file.storyboard; name = Base; path = Base.lproj/LaunchScreen.storyboard; sourceTree = "<group>"; };
		20E3C98A2677328E005AF66A /* Info.plist */ = {isa = PBXFileReference; lastKnownFileType = text.plist.xml; path = Info.plist; sourceTree = "<group>"; };
		EA97F81E516335D5A19167EB /* Pods_UberAPP.framework */ = {isa = PBXFileReference; explicitFileType = wrapper.framework; includeInIndex = 0; path = Pods_UberAPP.framework; sourceTree = BUILT_PRODUCTS_DIR; };
		EB3E1FC872654B8473B75E77 /* Pods-UberAPP.debug.xcconfig */ = {isa = PBXFileReference; includeInIndex = 1; lastKnownFileType = text.xcconfig; name = "Pods-UberAPP.debug.xcconfig"; path = "Target Support Files/Pods-UberAPP/Pods-UberAPP.debug.xcconfig"; sourceTree = "<group>"; };
/* End PBXFileReference section */

/* Begin PBXFrameworksBuildPhase section */
		20E3C9732677328C005AF66A /* Frameworks */ = {
			isa = PBXFrameworksBuildPhase;
			buildActionMask = 2147483647;
			files = (
				DFC4A594FD510AF8557CBCE8 /* Pods_UberAPP.framework in Frameworks */,
			);
			runOnlyForDeploymentPostprocessing = 0;
		};
/* End PBXFrameworksBuildPhase section */

/* Begin PBXGroup section */
		2061EDF8268838CC003F3220 /* MainController */ = {
			isa = PBXGroup;
			children = (
				207406182679F4CF001BDDEE /* DriverHomeViewController.swift */,
				20ACD716267C867800452808 /* ClientHomeViewController.swift */,
				2061EDFB26883913003F3220 /* DriverLoginViewController.swift */,
				2061EDFD26883932003F3220 /* ClientRegisterViewController.swift */,
				2061EDFF26883946003F3220 /* ClientLoginViewController.swift */,
				2061EE0126883956003F3220 /* DriverRegisterViewController.swift */,
				20ACD718267C915A00452808 /* EntryViewController.swift */,
				2061EE0926883BA0003F3220 /* OnboardingViewController.swift */,
			);
			path = MainController;
			sourceTree = "<group>";
		};
		207406172679F3F5001BDDEE /* Tests */ = {
			isa = PBXGroup;
			children = (
				205C169D2678FFA800ED2458 /* HomeViewController1.swift */,
				205C169F267905FA00ED2458 /* MapViewController.swift */,
			);
			path = Tests;
			sourceTree = "<group>";
		};
		20E3C96D2677328C005AF66A = {
			isa = PBXGroup;
			children = (
				20E3C9782677328C005AF66A /* UberAPP */,
				20E3C9772677328C005AF66A /* Products */,
				3F300932F23D5AB032DDFF13 /* Pods */,
				25D436BAAC1DAF9CEB3337D3 /* Frameworks */,
			);
			sourceTree = "<group>";
		};
		20E3C9772677328C005AF66A /* Products */ = {
			isa = PBXGroup;
			children = (
				20E3C9762677328C005AF66A /* UberAPP.app */,
			);
			name = Products;
			sourceTree = "<group>";
		};
		20E3C9782677328C005AF66A /* UberAPP */ = {
			isa = PBXGroup;
			children = (
				20E6B90C267B816900F2B91E /* Resources */,
				20E6B90B267B815B00F2B91E /* Managers */,
				20E6B90A267B814C00F2B91E /* ModelView */,
				20E6B909267B814000F2B91E /* View */,
				20E6B908267B812D00F2B91E /* Model */,
				207406172679F3F5001BDDEE /* Tests */,
				20E3C98A2677328E005AF66A /* Info.plist */,
				20E3C9822677328C005AF66A /* UberAPP.xcdatamodeld */,
			);
			path = UberAPP;
			sourceTree = "<group>";
		};
		20E6B908267B812D00F2B91E /* Model */ = {
			isa = PBXGroup;
			children = (
				2023624126841EA6007BEE71 /* Order.swift */,
				2061EE0B26885C9D003F3220 /* Auth.swift */,
			);
			path = Model;
			sourceTree = "<group>";
		};
		20E6B909267B814000F2B91E /* View */ = {
			isa = PBXGroup;
			children = (
				2061EDF8268838CC003F3220 /* MainController */,
				202362432684235B007BEE71 /* OrderUIView.swift */,
			);
			path = View;
			sourceTree = "<group>";
		};
		20E6B90A267B814C00F2B91E /* ModelView */ = {
			isa = PBXGroup;
			children = (
				2061EE0D26885E02003F3220 /* ClientViewModel.swift */,
				208F80F02688BD0C00D6D069 /* DriverViewModel.swift */,
				20C7F03A26897AC60044D621 /* OrderViewModel.swift */,
			);
			path = ModelView;
			sourceTree = "<group>";
		};
		20E6B90B267B815B00F2B91E /* Managers */ = {
			isa = PBXGroup;
			children = (
				2052A14E267F1BD4009A8288 /* NetworkingClient.swift */,
				2061EE0726883AD1003F3220 /* StateManager.swift */,
			);
			path = Managers;
			sourceTree = "<group>";
		};
		20E6B90C267B816900F2B91E /* Resources */ = {
			isa = PBXGroup;
			children = (
				20E3C9872677328E005AF66A /* LaunchScreen.storyboard */,
				20E3C9792677328C005AF66A /* AppDelegate.swift */,
				20E3C97B2677328C005AF66A /* SceneDelegate.swift */,
				20E3C9852677328E005AF66A /* Assets.xcassets */,
			);
			path = Resources;
			sourceTree = "<group>";
		};
		25D436BAAC1DAF9CEB3337D3 /* Frameworks */ = {
			isa = PBXGroup;
			children = (
				EA97F81E516335D5A19167EB /* Pods_UberAPP.framework */,
			);
			name = Frameworks;
			sourceTree = "<group>";
		};
		3F300932F23D5AB032DDFF13 /* Pods */ = {
			isa = PBXGroup;
			children = (
				EB3E1FC872654B8473B75E77 /* Pods-UberAPP.debug.xcconfig */,
				1F0F603ACBFCA63D0A01390B /* Pods-UberAPP.release.xcconfig */,
			);
			path = Pods;
			sourceTree = "<group>";
		};
/* End PBXGroup section */

/* Begin PBXNativeTarget section */
		20E3C9752677328C005AF66A /* UberAPP */ = {
			isa = PBXNativeTarget;
			buildConfigurationList = 20E3C98D2677328E005AF66A /* Build configuration list for PBXNativeTarget "UberAPP" */;
			buildPhases = (
				6A4C2FE6B1152D921B942BC0 /* [CP] Check Pods Manifest.lock */,
				20E3C9722677328C005AF66A /* Sources */,
				20E3C9732677328C005AF66A /* Frameworks */,
				20E3C9742677328C005AF66A /* Resources */,
				3896DFB60868E33FBC518DFB /* [CP] Embed Pods Frameworks */,
				B8E067CFE8400F825F87EA23 /* [CP] Copy Pods Resources */,
			);
			buildRules = (
			);
			dependencies = (
			);
			name = UberAPP;
			productName = UberAPP;
			productReference = 20E3C9762677328C005AF66A /* UberAPP.app */;
			productType = "com.apple.product-type.application";
		};
/* End PBXNativeTarget section */

/* Begin PBXProject section */
		20E3C96E2677328C005AF66A /* Project object */ = {
			isa = PBXProject;
			attributes = {
				LastSwiftUpdateCheck = 1250;
				LastUpgradeCheck = 1250;
				TargetAttributes = {
					20E3C9752677328C005AF66A = {
						CreatedOnToolsVersion = 12.5;
					};
				};
			};
			buildConfigurationList = 20E3C9712677328C005AF66A /* Build configuration list for PBXProject "UberAPP" */;
			compatibilityVersion = "Xcode 9.3";
			developmentRegion = en;
			hasScannedForEncodings = 0;
			knownRegions = (
				en,
				Base,
			);
			mainGroup = 20E3C96D2677328C005AF66A;
			productRefGroup = 20E3C9772677328C005AF66A /* Products */;
			projectDirPath = "";
			projectRoot = "";
			targets = (
				20E3C9752677328C005AF66A /* UberAPP */,
			);
		};
/* End PBXProject section */

/* Begin PBXResourcesBuildPhase section */
		20E3C9742677328C005AF66A /* Resources */ = {
			isa = PBXResourcesBuildPhase;
			buildActionMask = 2147483647;
			files = (
				20E3C9892677328E005AF66A /* LaunchScreen.storyboard in Resources */,
				20E3C9862677328E005AF66A /* Assets.xcassets in Resources */,
			);
			runOnlyForDeploymentPostprocessing = 0;
		};
/* End PBXResourcesBuildPhase section */

/* Begin PBXShellScriptBuildPhase section */
		3896DFB60868E33FBC518DFB /* [CP] Embed Pods Frameworks */ = {
			isa = PBXShellScriptBuildPhase;
			buildActionMask = 2147483647;
			files = (
			);
			inputFileListPaths = (
				"${PODS_ROOT}/Target Support Files/Pods-UberAPP/Pods-UberAPP-frameworks-${CONFIGURATION}-input-files.xcfilelist",
			);
			name = "[CP] Embed Pods Frameworks";
			outputFileListPaths = (
				"${PODS_ROOT}/Target Support Files/Pods-UberAPP/Pods-UberAPP-frameworks-${CONFIGURATION}-output-files.xcfilelist",
			);
			runOnlyForDeploymentPostprocessing = 0;
			shellPath = /bin/sh;
			shellScript = "\"${PODS_ROOT}/Target Support Files/Pods-UberAPP/Pods-UberAPP-frameworks.sh\"\n";
			showEnvVarsInLog = 0;
		};
		6A4C2FE6B1152D921B942BC0 /* [CP] Check Pods Manifest.lock */ = {
			isa = PBXShellScriptBuildPhase;
			buildActionMask = 2147483647;
			files = (
			);
			inputFileListPaths = (
			);
			inputPaths = (
				"${PODS_PODFILE_DIR_PATH}/Podfile.lock",
				"${PODS_ROOT}/Manifest.lock",
			);
			name = "[CP] Check Pods Manifest.lock";
			outputFileListPaths = (
			);
			outputPaths = (
				"$(DERIVED_FILE_DIR)/Pods-UberAPP-checkManifestLockResult.txt",
			);
			runOnlyForDeploymentPostprocessing = 0;
			shellPath = /bin/sh;
			shellScript = "diff \"${PODS_PODFILE_DIR_PATH}/Podfile.lock\" \"${PODS_ROOT}/Manifest.lock\" > /dev/null\nif [ $? != 0 ] ; then\n    # print error to STDERR\n    echo \"error: The sandbox is not in sync with the Podfile.lock. Run 'pod install' or update your CocoaPods installation.\" >&2\n    exit 1\nfi\n# This output is used by Xcode 'outputs' to avoid re-running this script phase.\necho \"SUCCESS\" > \"${SCRIPT_OUTPUT_FILE_0}\"\n";
			showEnvVarsInLog = 0;
		};
		B8E067CFE8400F825F87EA23 /* [CP] Copy Pods Resources */ = {
			isa = PBXShellScriptBuildPhase;
			buildActionMask = 2147483647;
			files = (
			);
			inputFileListPaths = (
				"${PODS_ROOT}/Target Support Files/Pods-UberAPP/Pods-UberAPP-resources-${CONFIGURATION}-input-files.xcfilelist",
			);
			name = "[CP] Copy Pods Resources";
			outputFileListPaths = (
				"${PODS_ROOT}/Target Support Files/Pods-UberAPP/Pods-UberAPP-resources-${CONFIGURATION}-output-files.xcfilelist",
			);
			runOnlyForDeploymentPostprocessing = 0;
			shellPath = /bin/sh;
			shellScript = "\"${PODS_ROOT}/Target Support Files/Pods-UberAPP/Pods-UberAPP-resources.sh\"\n";
			showEnvVarsInLog = 0;
		};
/* End PBXShellScriptBuildPhase section */

/* Begin PBXSourcesBuildPhase section */
		20E3C9722677328C005AF66A /* Sources */ = {
			isa = PBXSourcesBuildPhase;
			buildActionMask = 2147483647;
			files = (
				20ACD717267C867900452808 /* ClientHomeViewController.swift in Sources */,
				202362442684235B007BEE71 /* OrderUIView.swift in Sources */,
				2061EDFE26883932003F3220 /* ClientRegisterViewController.swift in Sources */,
				2061EE0A26883BA0003F3220 /* OnboardingViewController.swift in Sources */,
				2061EDFC26883913003F3220 /* DriverLoginViewController.swift in Sources */,
				208F80F12688BD0D00D6D069 /* DriverViewModel.swift in Sources */,
				205C169E2678FFA800ED2458 /* HomeViewController1.swift in Sources */,
				2023624226841EA6007BEE71 /* Order.swift in Sources */,
				2061EE0C26885C9D003F3220 /* Auth.swift in Sources */,
				20E3C97A2677328C005AF66A /* AppDelegate.swift in Sources */,
				20E3C97C2677328C005AF66A /* SceneDelegate.swift in Sources */,
				2061EE0826883AD1003F3220 /* StateManager.swift in Sources */,
				205C16A0267905FA00ED2458 /* MapViewController.swift in Sources */,
				2061EE0026883946003F3220 /* ClientLoginViewController.swift in Sources */,
				20C7F03B26897AC60044D621 /* OrderViewModel.swift in Sources */,
				2061EE0226883956003F3220 /* DriverRegisterViewController.swift in Sources */,
				2052A14F267F1BD4009A8288 /* NetworkingClient.swift in Sources */,
				20ACD719267C915A00452808 /* EntryViewController.swift in Sources */,
				20E3C9842677328C005AF66A /* UberAPP.xcdatamodeld in Sources */,
				2061EE0E26885E02003F3220 /* ClientViewModel.swift in Sources */,
				207406192679F4CF001BDDEE /* DriverHomeViewController.swift in Sources */,
			);
			runOnlyForDeploymentPostprocessing = 0;
		};
/* End PBXSourcesBuildPhase section */

/* Begin PBXVariantGroup section */
		20E3C9872677328E005AF66A /* LaunchScreen.storyboard */ = {
			isa = PBXVariantGroup;
			children = (
				20E3C9882677328E005AF66A /* Base */,
			);
			name = LaunchScreen.storyboard;
			sourceTree = "<group>";
		};
/* End PBXVariantGroup section */

/* Begin XCBuildConfiguration section */
		20E3C98B2677328E005AF66A /* Debug */ = {
			isa = XCBuildConfiguration;
			buildSettings = {
				ALWAYS_SEARCH_USER_PATHS = NO;
				CLANG_ANALYZER_NONNULL = YES;
				CLANG_ANALYZER_NUMBER_OBJECT_CONVERSION = YES_AGGRESSIVE;
				CLANG_CXX_LANGUAGE_STANDARD = "gnu++14";
				CLANG_CXX_LIBRARY = "libc++";
				CLANG_ENABLE_MODULES = YES;
				CLANG_ENABLE_OBJC_ARC = YES;
				CLANG_ENABLE_OBJC_WEAK = YES;
				CLANG_WARN_BLOCK_CAPTURE_AUTORELEASING = YES;
				CLANG_WARN_BOOL_CONVERSION = YES;
				CLANG_WARN_COMMA = YES;
				CLANG_WARN_CONSTANT_CONVERSION = YES;
				CLANG_WARN_DEPRECATED_OBJC_IMPLEMENTATIONS = YES;
				CLANG_WARN_DIRECT_OBJC_ISA_USAGE = YES_ERROR;
				CLANG_WARN_DOCUMENTATION_COMMENTS = YES;
				CLANG_WARN_EMPTY_BODY = YES;
				CLANG_WARN_ENUM_CONVERSION = YES;
				CLANG_WARN_INFINITE_RECURSION = YES;
				CLANG_WARN_INT_CONVERSION = YES;
				CLANG_WARN_NON_LITERAL_NULL_CONVERSION = YES;
				CLANG_WARN_OBJC_IMPLICIT_RETAIN_SELF = YES;
				CLANG_WARN_OBJC_LITERAL_CONVERSION = YES;
				CLANG_WARN_OBJC_ROOT_CLASS = YES_ERROR;
				CLANG_WARN_QUOTED_INCLUDE_IN_FRAMEWORK_HEADER = YES;
				CLANG_WARN_RANGE_LOOP_ANALYSIS = YES;
				CLANG_WARN_STRICT_PROTOTYPES = YES;
				CLANG_WARN_SUSPICIOUS_MOVE = YES;
				CLANG_WARN_UNGUARDED_AVAILABILITY = YES_AGGRESSIVE;
				CLANG_WARN_UNREACHABLE_CODE = YES;
				CLANG_WARN__DUPLICATE_METHOD_MATCH = YES;
				COPY_PHASE_STRIP = NO;
				DEBUG_INFORMATION_FORMAT = dwarf;
				ENABLE_STRICT_OBJC_MSGSEND = YES;
				ENABLE_TESTABILITY = YES;
				GCC_C_LANGUAGE_STANDARD = gnu11;
				GCC_DYNAMIC_NO_PIC = NO;
				GCC_NO_COMMON_BLOCKS = YES;
				GCC_OPTIMIZATION_LEVEL = 0;
				GCC_PREPROCESSOR_DEFINITIONS = (
					"DEBUG=1",
					"$(inherited)",
				);
				GCC_WARN_64_TO_32_BIT_CONVERSION = YES;
				GCC_WARN_ABOUT_RETURN_TYPE = YES_ERROR;
				GCC_WARN_UNDECLARED_SELECTOR = YES;
				GCC_WARN_UNINITIALIZED_AUTOS = YES_AGGRESSIVE;
				GCC_WARN_UNUSED_FUNCTION = YES;
				GCC_WARN_UNUSED_VARIABLE = YES;
				IPHONEOS_DEPLOYMENT_TARGET = 14.5;
				MTL_ENABLE_DEBUG_INFO = INCLUDE_SOURCE;
				MTL_FAST_MATH = YES;
				ONLY_ACTIVE_ARCH = YES;
				SDKROOT = iphoneos;
				SWIFT_ACTIVE_COMPILATION_CONDITIONS = DEBUG;
				SWIFT_OPTIMIZATION_LEVEL = "-Onone";
			};
			name = Debug;
		};
		20E3C98C2677328E005AF66A /* Release */ = {
			isa = XCBuildConfiguration;
			buildSettings = {
				ALWAYS_SEARCH_USER_PATHS = NO;
				CLANG_ANALYZER_NONNULL = YES;
				CLANG_ANALYZER_NUMBER_OBJECT_CONVERSION = YES_AGGRESSIVE;
				CLANG_CXX_LANGUAGE_STANDARD = "gnu++14";
				CLANG_CXX_LIBRARY = "libc++";
				CLANG_ENABLE_MODULES = YES;
				CLANG_ENABLE_OBJC_ARC = YES;
				CLANG_ENABLE_OBJC_WEAK = YES;
				CLANG_WARN_BLOCK_CAPTURE_AUTORELEASING = YES;
				CLANG_WARN_BOOL_CONVERSION = YES;
				CLANG_WARN_COMMA = YES;
				CLANG_WARN_CONSTANT_CONVERSION = YES;
				CLANG_WARN_DEPRECATED_OBJC_IMPLEMENTATIONS = YES;
				CLANG_WARN_DIRECT_OBJC_ISA_USAGE = YES_ERROR;
				CLANG_WARN_DOCUMENTATION_COMMENTS = YES;
				CLANG_WARN_EMPTY_BODY = YES;
				CLANG_WARN_ENUM_CONVERSION = YES;
				CLANG_WARN_INFINITE_RECURSION = YES;
				CLANG_WARN_INT_CONVERSION = YES;
				CLANG_WARN_NON_LITERAL_NULL_CONVERSION = YES;
				CLANG_WARN_OBJC_IMPLICIT_RETAIN_SELF = YES;
				CLANG_WARN_OBJC_LITERAL_CONVERSION = YES;
				CLANG_WARN_OBJC_ROOT_CLASS = YES_ERROR;
				CLANG_WARN_QUOTED_INCLUDE_IN_FRAMEWORK_HEADER = YES;
				CLANG_WARN_RANGE_LOOP_ANALYSIS = YES;
				CLANG_WARN_STRICT_PROTOTYPES = YES;
				CLANG_WARN_SUSPICIOUS_MOVE = YES;
				CLANG_WARN_UNGUARDED_AVAILABILITY = YES_AGGRESSIVE;
				CLANG_WARN_UNREACHABLE_CODE = YES;
				CLANG_WARN__DUPLICATE_METHOD_MATCH = YES;
				COPY_PHASE_STRIP = NO;
				DEBUG_INFORMATION_FORMAT = "dwarf-with-dsym";
				ENABLE_NS_ASSERTIONS = NO;
				ENABLE_STRICT_OBJC_MSGSEND = YES;
				GCC_C_LANGUAGE_STANDARD = gnu11;
				GCC_NO_COMMON_BLOCKS = YES;
				GCC_WARN_64_TO_32_BIT_CONVERSION = YES;
				GCC_WARN_ABOUT_RETURN_TYPE = YES_ERROR;
				GCC_WARN_UNDECLARED_SELECTOR = YES;
				GCC_WARN_UNINITIALIZED_AUTOS = YES_AGGRESSIVE;
				GCC_WARN_UNUSED_FUNCTION = YES;
				GCC_WARN_UNUSED_VARIABLE = YES;
				IPHONEOS_DEPLOYMENT_TARGET = 14.5;
				MTL_ENABLE_DEBUG_INFO = NO;
				MTL_FAST_MATH = YES;
				SDKROOT = iphoneos;
				SWIFT_COMPILATION_MODE = wholemodule;
				SWIFT_OPTIMIZATION_LEVEL = "-O";
				VALIDATE_PRODUCT = YES;
			};
			name = Release;
		};
		20E3C98E2677328E005AF66A /* Debug */ = {
			isa = XCBuildConfiguration;
			baseConfigurationReference = EB3E1FC872654B8473B75E77 /* Pods-UberAPP.debug.xcconfig */;
			buildSettings = {
				ASSETCATALOG_COMPILER_APPICON_NAME = AppIcon;
				ASSETCATALOG_COMPILER_GLOBAL_ACCENT_COLOR_NAME = AccentColor;
				CODE_SIGN_STYLE = Automatic;
				DEVELOPMENT_TEAM = HWU7734XG6;
				INFOPLIST_FILE = UberAPP/Info.plist;
				LD_RUNPATH_SEARCH_PATHS = (
					"$(inherited)",
					"@executable_path/Frameworks",
				);
				PRODUCT_BUNDLE_IDENTIFIER = com.higgstudio.UberAPP;
				PRODUCT_NAME = "$(TARGET_NAME)";
				SWIFT_VERSION = 5.0;
				TARGETED_DEVICE_FAMILY = "1,2";
			};
			name = Debug;
		};
		20E3C98F2677328E005AF66A /* Release */ = {
			isa = XCBuildConfiguration;
			baseConfigurationReference = 1F0F603ACBFCA63D0A01390B /* Pods-UberAPP.release.xcconfig */;
			buildSettings = {
				ASSETCATALOG_COMPILER_APPICON_NAME = AppIcon;
				ASSETCATALOG_COMPILER_GLOBAL_ACCENT_COLOR_NAME = AccentColor;
				CODE_SIGN_STYLE = Automatic;
				DEVELOPMENT_TEAM = HWU7734XG6;
				INFOPLIST_FILE = UberAPP/Info.plist;
				LD_RUNPATH_SEARCH_PATHS = (
					"$(inherited)",
					"@executable_path/Frameworks",
				);
				PRODUCT_BUNDLE_IDENTIFIER = com.higgstudio.UberAPP;
				PRODUCT_NAME = "$(TARGET_NAME)";
				SWIFT_VERSION = 5.0;
				TARGETED_DEVICE_FAMILY = "1,2";
			};
			name = Release;
		};
/* End XCBuildConfiguration section */

/* Begin XCConfigurationList section */
		20E3C9712677328C005AF66A /* Build configuration list for PBXProject "UberAPP" */ = {
			isa = XCConfigurationList;
			buildConfigurations = (
				20E3C98B2677328E005AF66A /* Debug */,
				20E3C98C2677328E005AF66A /* Release */,
			);
			defaultConfigurationIsVisible = 0;
			defaultConfigurationName = Release;
		};
		20E3C98D2677328E005AF66A /* Build configuration list for PBXNativeTarget "UberAPP" */ = {
			isa = XCConfigurationList;
			buildConfigurations = (
				20E3C98E2677328E005AF66A /* Debug */,
				20E3C98F2677328E005AF66A /* Release */,
			);
			defaultConfigurationIsVisible = 0;
			defaultConfigurationName = Release;
		};
/* End XCConfigurationList section */

/* Begin XCVersionGroup section */
		20E3C9822677328C005AF66A /* UberAPP.xcdatamodeld */ = {
			isa = XCVersionGroup;
			children = (
				20E3C9832677328C005AF66A /* UberAPP.xcdatamodel */,
			);
			currentVersion = 20E3C9832677328C005AF66A /* UberAPP.xcdatamodel */;
			path = UberAPP.xcdatamodeld;
			sourceTree = "<group>";
			versionGroupType = wrapper.xcdatamodel;
		};
/* End XCVersionGroup section */
	};
	rootObject = 20E3C96E2677328C005AF66A /* Project object */;
}
